
Microsoft Visual Studio Solution File, Format Version 12.00
# Visual Studio Version 17
VisualStudioVersion = 17.5.002.0
MinimumVisualStudioVersion = 10.0.40219.1
Project("{9A19103F-16F7-4668-BE54-9A1E7A4F7556}") = "MyApiService2", "MyApiService2.csproj", "{0A22813A-66B8-4BF5-B649-9A90E6010F84}"
EndProject
Global
	GlobalSection(SolutionConfigurationPlatforms) = preSolution
		Debug|Any CPU = Debug|Any CPU
		Release|Any CPU = Release|Any CPU
	EndGlobalSection
	GlobalSection(ProjectConfigurationPlatforms) = postSolution
		{0A22813A-66B8-4BF5-B649-9A90E6010F84}.Debug|Any CPU.ActiveCfg = Debug|Any CPU
		{0A22813A-66B8-4BF5-B649-9A90E6010F84}.Debug|Any CPU.Build.0 = Debug|Any CPU
		{0A22813A-66B8-4BF5-B649-9A90E6010F84}.Release|Any CPU.ActiveCfg = Release|Any CPU
		{0A22813A-66B8-4BF5-B649-9A90E6010F84}.Release|Any CPU.Build.0 = Release|Any CPU
	EndGlobalSection
	GlobalSection(SolutionProperties) = preSolution
		HideSolutionNode = FALSE
	EndGlobalSection
	GlobalSection(ExtensibilityGlobals) = postSolution
		SolutionGuid = {908411F1-C6CA-49EE-905E-B9C24DD971F7}
	EndGlobalSection
EndGlobal
